
Microsoft Visual Studio Solution File, Format Version 12.00
# Visual Studio Version 16
VisualStudioVersion = 16.0.31129.286
MinimumVisualStudioVersion = 10.0.40219.1
Project("{8BC9CEB8-8B4A-11D0-8D11-00A0C91BC942}") = "Hello OpenMP", "Lecture3\Hello OpenMP\Hello OpenMP.vcxproj", "{094B7FE6-E8C9-48B6-8726-ACF079CA422F}"
EndProject
Project("{2150E333-8FDC-42A3-9474-1A3956D46DE8}") = "Lecture03", "Lecture03", "{3DD66E6A-08FF-4A2A-8527-1479B7682F01}"
EndProject
Project("{2150E333-8FDC-42A3-9474-1A3956D46DE8}") = "Lecture04", "Lecture04", "{4A497499-D2E0-4A8E-A6CA-9EA98B2C1351}"
EndProject
Project("{8BC9CEB8-8B4A-11D0-8D11-00A0C91BC942}") = "Parallel construct", "Lecture4\Parallel construct\Parallel construct.vcxproj", "{EBAF223D-B1A5-4F36-A7F1-D2B1701013BD}"
EndProject
Project("{8BC9CEB8-8B4A-11D0-8D11-00A0C91BC942}") = "VectorSum", "Lecture4\VectorSum\VectorSum.vcxproj", "{3A794EEA-CBB6-4006-87B5-CFD205D48C9D}"
EndProject
Project("{8BC9CEB8-8B4A-11D0-8D11-00A0C91BC942}") = "VectorSum_RoundRobin", "Lecture4\VectorSum_RoundRobin\VectorSum_RoundRobin.vcxproj", "{906BC602-1DA3-4A50-9F62-1A5CECD2EF49}"
EndProject
Project("{2150E333-8FDC-42A3-9474-1A3956D46DE8}") = "Lecture05", "Lecture05", "{2A68F472-4B1D-42BB-A3EB-5258AA004E07}"
EndProject
Project("{8BC9CEB8-8B4A-11D0-8D11-00A0C91BC942}") = "Loop_construct_example", "Lecture5\Loop_construct_example\Loop_construct_example.vcxproj", "{597650E1-0C6C-4963-94F2-7BD8605F89A6}"
EndProject
Project("{8BC9CEB8-8B4A-11D0-8D11-00A0C91BC942}") = "VectorSum_Loop_construct", "Lecture5\VectorSum_Loop_construct\VectorSum_Loop_construct.vcxproj", "{709F576F-6766-4478-AC9B-175171A83F02}"
EndProject
Project("{8BC9CEB8-8B4A-11D0-8D11-00A0C91BC942}") = "Loop_construct_implicit_barrier", "Lecture5\Loop_construct_implicit_barrier\Loop_construct_implicit_barrier.vcxproj", "{B167E222-52AD-490A-BFC9-73190B7B5309}"
EndProject
Project("{8BC9CEB8-8B4A-11D0-8D11-00A0C91BC942}") = "Fibonacci_number", "Lecture5\Fibonacci_number\Fibonacci_number.vcxproj", "{73BB920E-33FC-42E3-A9D5-6C3E70CD8E64}"
EndProject
Project("{2150E333-8FDC-42A3-9474-1A3956D46DE8}") = "Lecture06", "Lecture06", "{49167A2A-4B32-4210-953F-23DE759D9709}"
EndProject
Project("{8BC9CEB8-8B4A-11D0-8D11-00A0C91BC942}") = "Section_construct", "Lecture6\Section_construct\Section_construct.vcxproj", "{7859FFB2-CC0B-4C0D-9187-75D068BD3F6E}"
EndProject
Project("{8BC9CEB8-8B4A-11D0-8D11-00A0C91BC942}") = "Single_construct", "Lecture6\Single_construct\Single_construct.vcxproj", "{46725340-511F-4DA9-8AE2-1DB7AB203D77}"
EndProject
Project("{8BC9CEB8-8B4A-11D0-8D11-00A0C91BC942}") = "nowait_clause", "Lecture6\nowait_clause\nowait_clause.vcxproj", "{4F0178E7-D56E-4D59-9C31-32F333D095DD}"
EndProject
Project("{2150E333-8FDC-42A3-9474-1A3956D46DE8}") = "Lecture07", "Lecture07", "{D65521B5-C601-41DA-BC65-7C3783C818BE}"
EndProject
Project("{8BC9CEB8-8B4A-11D0-8D11-00A0C91BC942}") = "MatrixVectorMultiplication", "Lecture7\MatrixVectorMultiplication\MatrixVectorMultiplication.vcxproj", "{BD7F8867-B4A3-4B3C-986C-E0C71AE36246}"
EndProject
Project("{2150E333-8FDC-42A3-9474-1A3956D46DE8}") = "Lecture08", "Lecture08", "{685B27C2-F362-4BF0-BF8F-4E7FE61E1DC0}"
EndProject
Project("{8BC9CEB8-8B4A-11D0-8D11-00A0C91BC942}") = "ScopeOfVariables", "Lecture8\ScopeOfVariables\ScopeOfVariables.vcxproj", "{DA779A2C-D594-46A4-B79E-A6502621B2EB}"
EndProject
Project("{8BC9CEB8-8B4A-11D0-8D11-00A0C91BC942}") = "Shared_Private_Clause", "Lecture8\Shared_Private_Clause\Shared_Private_Clause.vcxproj", "{9B3CA86E-CD0E-4AE0-A7AF-87D07E6D7ACB}"
EndProject
Project("{8BC9CEB8-8B4A-11D0-8D11-00A0C91BC942}") = "Private_clause", "Lecture8\Private_clause\Private_clause.vcxproj", "{AA7D675A-D6C4-459B-90C3-F5E21D6E7D0B}"
EndProject
Project("{8BC9CEB8-8B4A-11D0-8D11-00A0C91BC942}") = "Lastprivate_clause", "Lecture8\Lastprivate_clause\Lastprivate_clause.vcxproj", "{1F049F70-6600-45A2-BB2F-469D3FED7438}"
EndProject
Project("{8BC9CEB8-8B4A-11D0-8D11-00A0C91BC942}") = "Firstprivate_clause", "Lecture8\Firstprivate_clause\Firstprivate_clause.vcxproj", "{748CAB50-5571-4252-AB57-38079B1EA99B}"
EndProject
Project("{2150E333-8FDC-42A3-9474-1A3956D46DE8}") = "Lecture09", "Lecture09", "{5992DFED-04EC-49E6-86EF-123F9C9281D6}"
EndProject
Project("{8BC9CEB8-8B4A-11D0-8D11-00A0C91BC942}") = "Trapezoidal", "Lecture9\Trapezoidal\Trapezoidal.vcxproj", "{33D7ADA2-A932-4342-B4E0-59B0B8492551}"
EndProject
Project("{2150E333-8FDC-42A3-9474-1A3956D46DE8}") = "Lecture10", "Lecture10", "{AAB73BEE-A6C7-4ED2-8741-C5EFB2BC8558}"
EndProject
Project("{8BC9CEB8-8B4A-11D0-8D11-00A0C91BC942}") = "ExplicitBarrier_example1", "Lecture10\ExplicitBarrier_example1\ExplicitBarrier_example1.vcxproj", "{E58EE9BE-1FE0-4BA0-B0A8-91C4AAF9CDB4}"
EndProject
Project("{8BC9CEB8-8B4A-11D0-8D11-00A0C91BC942}") = "ExplicitBarrier_example2", "Lecture10\ExplicitBarrier_example2\ExplicitBarrier_example2.vcxproj", "{359CB110-5BEF-48D2-A233-225D91019F36}"
EndProject
Project("{8BC9CEB8-8B4A-11D0-8D11-00A0C91BC942}") = "MasterSlave", "Lecture10\MasterSlave\MasterSlave.vcxproj", "{76249B2F-C3C0-4936-895C-162A522C470C}"
EndProject
Project("{2150E333-8FDC-42A3-9474-1A3956D46DE8}") = "Lecture11", "Lecture11", "{C87C8D80-2782-4945-BF65-BE6FBBD62BA4}"
EndProject
Project("{8BC9CEB8-8B4A-11D0-8D11-00A0C91BC942}") = "Trapezoidal_critical_atomic", "Lecture11\Trapezoidal_critical_atomic\Trapezoidal_critical_atomic.vcxproj", "{73951FF1-FA61-438C-8A02-54A032675B41}"
EndProject
Project("{8BC9CEB8-8B4A-11D0-8D11-00A0C91BC942}") = "Atomic", "Lecture11\Atomic\Atomic.vcxproj", "{D1C30297-8532-4655-A35F-FA03A4710620}"
EndProject
Project("{8BC9CEB8-8B4A-11D0-8D11-00A0C91BC942}") = "Atomic_with_function", "Lecture11\Atomic_with_function\Atomic_with_function.vcxproj", "{7BA18DFF-9853-464F-B373-851FBB761987}"
EndProject
Project("{8BC9CEB8-8B4A-11D0-8D11-00A0C91BC942}") = "Master", "Lecture11\Master\Master.vcxproj", "{4CFB506E-0C1D-4CC3-B0F6-4FFA8937B2E0}"
EndProject
Global
	GlobalSection(SolutionConfigurationPlatforms) = preSolution
		Debug|x64 = Debug|x64
		Debug|x86 = Debug|x86
		Release|x64 = Release|x64
		Release|x86 = Release|x86
	EndGlobalSection
	GlobalSection(ProjectConfigurationPlatforms) = postSolution
		{094B7FE6-E8C9-48B6-8726-ACF079CA422F}.Debug|x64.ActiveCfg = Debug|x64
		{094B7FE6-E8C9-48B6-8726-ACF079CA422F}.Debug|x64.Build.0 = Debug|x64
		{094B7FE6-E8C9-48B6-8726-ACF079CA422F}.Debug|x86.ActiveCfg = Debug|Win32
		{094B7FE6-E8C9-48B6-8726-ACF079CA422F}.Debug|x86.Build.0 = Debug|Win32
		{094B7FE6-E8C9-48B6-8726-ACF079CA422F}.Release|x64.ActiveCfg = Release|x64
		{094B7FE6-E8C9-48B6-8726-ACF079CA422F}.Release|x64.Build.0 = Release|x64
		{094B7FE6-E8C9-48B6-8726-ACF079CA422F}.Release|x86.ActiveCfg = Release|Win32
		{094B7FE6-E8C9-48B6-8726-ACF079CA422F}.Release|x86.Build.0 = Release|Win32
		{EBAF223D-B1A5-4F36-A7F1-D2B1701013BD}.Debug|x64.ActiveCfg = Debug|x64
		{EBAF223D-B1A5-4F36-A7F1-D2B1701013BD}.Debug|x64.Build.0 = Debug|x64
		{EBAF223D-B1A5-4F36-A7F1-D2B1701013BD}.Debug|x86.ActiveCfg = Debug|Win32
		{EBAF223D-B1A5-4F36-A7F1-D2B1701013BD}.Debug|x86.Build.0 = Debug|Win32
		{EBAF223D-B1A5-4F36-A7F1-D2B1701013BD}.Release|x64.ActiveCfg = Release|x64
		{EBAF223D-B1A5-4F36-A7F1-D2B1701013BD}.Release|x64.Build.0 = Release|x64
		{EBAF223D-B1A5-4F36-A7F1-D2B1701013BD}.Release|x86.ActiveCfg = Release|Win32
		{EBAF223D-B1A5-4F36-A7F1-D2B1701013BD}.Release|x86.Build.0 = Release|Win32
		{3A794EEA-CBB6-4006-87B5-CFD205D48C9D}.Debug|x64.ActiveCfg = Debug|x64
		{3A794EEA-CBB6-4006-87B5-CFD205D48C9D}.Debug|x64.Build.0 = Debug|x64
		{3A794EEA-CBB6-4006-87B5-CFD205D48C9D}.Debug|x86.ActiveCfg = Debug|Win32
		{3A794EEA-CBB6-4006-87B5-CFD205D48C9D}.Debug|x86.Build.0 = Debug|Win32
		{3A794EEA-CBB6-4006-87B5-CFD205D48C9D}.Release|x64.ActiveCfg = Release|x64
		{3A794EEA-CBB6-4006-87B5-CFD205D48C9D}.Release|x64.Build.0 = Release|x64
		{3A794EEA-CBB6-4006-87B5-CFD205D48C9D}.Release|x86.ActiveCfg = Release|Win32
		{3A794EEA-CBB6-4006-87B5-CFD205D48C9D}.Release|x86.Build.0 = Release|Win32
		{906BC602-1DA3-4A50-9F62-1A5CECD2EF49}.Debug|x64.ActiveCfg = Debug|x64
		{906BC602-1DA3-4A50-9F62-1A5CECD2EF49}.Debug|x64.Build.0 = Debug|x64
		{906BC602-1DA3-4A50-9F62-1A5CECD2EF49}.Debug|x86.ActiveCfg = Debug|Win32
		{906BC602-1DA3-4A50-9F62-1A5CECD2EF49}.Debug|x86.Build.0 = Debug|Win32
		{906BC602-1DA3-4A50-9F62-1A5CECD2EF49}.Release|x64.ActiveCfg = Release|x64
		{906BC602-1DA3-4A50-9F62-1A5CECD2EF49}.Release|x64.Build.0 = Release|x64
		{906BC602-1DA3-4A50-9F62-1A5CECD2EF49}.Release|x86.ActiveCfg = Release|Win32
		{906BC602-1DA3-4A50-9F62-1A5CECD2EF49}.Release|x86.Build.0 = Release|Win32
		{597650E1-0C6C-4963-94F2-7BD8605F89A6}.Debug|x64.ActiveCfg = Debug|x64
		{597650E1-0C6C-4963-94F2-7BD8605F89A6}.Debug|x64.Build.0 = Debug|x64
		{597650E1-0C6C-4963-94F2-7BD8605F89A6}.Debug|x86.ActiveCfg = Debug|Win32
		{597650E1-0C6C-4963-94F2-7BD8605F89A6}.Debug|x86.Build.0 = Debug|Win32
		{597650E1-0C6C-4963-94F2-7BD8605F89A6}.Release|x64.ActiveCfg = Release|x64
		{597650E1-0C6C-4963-94F2-7BD8605F89A6}.Release|x64.Build.0 = Release|x64
		{597650E1-0C6C-4963-94F2-7BD8605F89A6}.Release|x86.ActiveCfg = Release|Win32
		{597650E1-0C6C-4963-94F2-7BD8605F89A6}.Release|x86.Build.0 = Release|Win32
		{709F576F-6766-4478-AC9B-175171A83F02}.Debug|x64.ActiveCfg = Debug|x64
		{709F576F-6766-4478-AC9B-175171A83F02}.Debug|x64.Build.0 = Debug|x64
		{709F576F-6766-4478-AC9B-175171A83F02}.Debug|x86.ActiveCfg = Debug|Win32
		{709F576F-6766-4478-AC9B-175171A83F02}.Debug|x86.Build.0 = Debug|Win32
		{709F576F-6766-4478-AC9B-175171A83F02}.Release|x64.ActiveCfg = Release|x64
		{709F576F-6766-4478-AC9B-175171A83F02}.Release|x64.Build.0 = Release|x64
		{709F576F-6766-4478-AC9B-175171A83F02}.Release|x86.ActiveCfg = Release|Win32
		{709F576F-6766-4478-AC9B-175171A83F02}.Release|x86.Build.0 = Release|Win32
		{B167E222-52AD-490A-BFC9-73190B7B5309}.Debug|x64.ActiveCfg = Debug|x64
		{B167E222-52AD-490A-BFC9-73190B7B5309}.Debug|x64.Build.0 = Debug|x64
		{B167E222-52AD-490A-BFC9-73190B7B5309}.Debug|x86.ActiveCfg = Debug|Win32
		{B167E222-52AD-490A-BFC9-73190B7B5309}.Debug|x86.Build.0 = Debug|Win32
		{B167E222-52AD-490A-BFC9-73190B7B5309}.Release|x64.ActiveCfg = Release|x64
		{B167E222-52AD-490A-BFC9-73190B7B5309}.Release|x64.Build.0 = Release|x64
		{B167E222-52AD-490A-BFC9-73190B7B5309}.Release|x86.ActiveCfg = Release|Win32
		{B167E222-52AD-490A-BFC9-73190B7B5309}.Release|x86.Build.0 = Release|Win32
		{73BB920E-33FC-42E3-A9D5-6C3E70CD8E64}.Debug|x64.ActiveCfg = Debug|x64
		{73BB920E-33FC-42E3-A9D5-6C3E70CD8E64}.Debug|x64.Build.0 = Debug|x64
		{73BB920E-33FC-42E3-A9D5-6C3E70CD8E64}.Debug|x86.ActiveCfg = Debug|Win32
		{73BB920E-33FC-42E3-A9D5-6C3E70CD8E64}.Debug|x86.Build.0 = Debug|Win32
		{73BB920E-33FC-42E3-A9D5-6C3E70CD8E64}.Release|x64.ActiveCfg = Release|x64
		{73BB920E-33FC-42E3-A9D5-6C3E70CD8E64}.Release|x64.Build.0 = Release|x64
		{73BB920E-33FC-42E3-A9D5-6C3E70CD8E64}.Release|x86.ActiveCfg = Release|Win32
		{73BB920E-33FC-42E3-A9D5-6C3E70CD8E64}.Release|x86.Build.0 = Release|Win32
		{7859FFB2-CC0B-4C0D-9187-75D068BD3F6E}.Debug|x64.ActiveCfg = Debug|x64
		{7859FFB2-CC0B-4C0D-9187-75D068BD3F6E}.Debug|x64.Build.0 = Debug|x64
		{7859FFB2-CC0B-4C0D-9187-75D068BD3F6E}.Debug|x86.ActiveCfg = Debug|Win32
		{7859FFB2-CC0B-4C0D-9187-75D068BD3F6E}.Debug|x86.Build.0 = Debug|Win32
		{7859FFB2-CC0B-4C0D-9187-75D068BD3F6E}.Release|x64.ActiveCfg = Release|x64
		{7859FFB2-CC0B-4C0D-9187-75D068BD3F6E}.Release|x64.Build.0 = Release|x64
		{7859FFB2-CC0B-4C0D-9187-75D068BD3F6E}.Release|x86.ActiveCfg = Release|Win32
		{7859FFB2-CC0B-4C0D-9187-75D068BD3F6E}.Release|x86.Build.0 = Release|Win32
		{46725340-511F-4DA9-8AE2-1DB7AB203D77}.Debug|x64.ActiveCfg = Debug|x64
		{46725340-511F-4DA9-8AE2-1DB7AB203D77}.Debug|x64.Build.0 = Debug|x64
		{46725340-511F-4DA9-8AE2-1DB7AB203D77}.Debug|x86.ActiveCfg = Debug|Win32
		{46725340-511F-4DA9-8AE2-1DB7AB203D77}.Debug|x86.Build.0 = Debug|Win32
		{46725340-511F-4DA9-8AE2-1DB7AB203D77}.Release|x64.ActiveCfg = Release|x64
		{46725340-511F-4DA9-8AE2-1DB7AB203D77}.Release|x64.Build.0 = Release|x64
		{46725340-511F-4DA9-8AE2-1DB7AB203D77}.Release|x86.ActiveCfg = Release|Win32
		{46725340-511F-4DA9-8AE2-1DB7AB203D77}.Release|x86.Build.0 = Release|Win32
		{4F0178E7-D56E-4D59-9C31-32F333D095DD}.Debug|x64.ActiveCfg = Debug|x64
		{4F0178E7-D56E-4D59-9C31-32F333D095DD}.Debug|x64.Build.0 = Debug|x64
		{4F0178E7-D56E-4D59-9C31-32F333D095DD}.Debug|x86.ActiveCfg = Debug|Win32
		{4F0178E7-D56E-4D59-9C31-32F333D095DD}.Debug|x86.Build.0 = Debug|Win32
		{4F0178E7-D56E-4D59-9C31-32F333D095DD}.Release|x64.ActiveCfg = Release|x64
		{4F0178E7-D56E-4D59-9C31-32F333D095DD}.Release|x64.Build.0 = Release|x64
		{4F0178E7-D56E-4D59-9C31-32F333D095DD}.Release|x86.ActiveCfg = Release|Win32
		{4F0178E7-D56E-4D59-9C31-32F333D095DD}.Release|x86.Build.0 = Release|Win32
		{BD7F8867-B4A3-4B3C-986C-E0C71AE36246}.Debug|x64.ActiveCfg = Debug|x64
		{BD7F8867-B4A3-4B3C-986C-E0C71AE36246}.Debug|x64.Build.0 = Debug|x64
		{BD7F8867-B4A3-4B3C-986C-E0C71AE36246}.Debug|x86.ActiveCfg = Debug|Win32
		{BD7F8867-B4A3-4B3C-986C-E0C71AE36246}.Debug|x86.Build.0 = Debug|Win32
		{BD7F8867-B4A3-4B3C-986C-E0C71AE36246}.Release|x64.ActiveCfg = Release|x64
		{BD7F8867-B4A3-4B3C-986C-E0C71AE36246}.Release|x64.Build.0 = Release|x64
		{BD7F8867-B4A3-4B3C-986C-E0C71AE36246}.Release|x86.ActiveCfg = Release|Win32
		{BD7F8867-B4A3-4B3C-986C-E0C71AE36246}.Release|x86.Build.0 = Release|Win32
		{DA779A2C-D594-46A4-B79E-A6502621B2EB}.Debug|x64.ActiveCfg = Debug|x64
		{DA779A2C-D594-46A4-B79E-A6502621B2EB}.Debug|x64.Build.0 = Debug|x64
		{DA779A2C-D594-46A4-B79E-A6502621B2EB}.Debug|x86.ActiveCfg = Debug|Win32
		{DA779A2C-D594-46A4-B79E-A6502621B2EB}.Debug|x86.Build.0 = Debug|Win32
		{DA779A2C-D594-46A4-B79E-A6502621B2EB}.Release|x64.ActiveCfg = Release|x64
		{DA779A2C-D594-46A4-B79E-A6502621B2EB}.Release|x64.Build.0 = Release|x64
		{DA779A2C-D594-46A4-B79E-A6502621B2EB}.Release|x86.ActiveCfg = Release|Win32
		{DA779A2C-D594-46A4-B79E-A6502621B2EB}.Release|x86.Build.0 = Release|Win32
		{9B3CA86E-CD0E-4AE0-A7AF-87D07E6D7ACB}.Debug|x64.ActiveCfg = Debug|x64
		{9B3CA86E-CD0E-4AE0-A7AF-87D07E6D7ACB}.Debug|x64.Build.0 = Debug|x64
		{9B3CA86E-CD0E-4AE0-A7AF-87D07E6D7ACB}.Debug|x86.ActiveCfg = Debug|Win32
		{9B3CA86E-CD0E-4AE0-A7AF-87D07E6D7ACB}.Debug|x86.Build.0 = Debug|Win32
		{9B3CA86E-CD0E-4AE0-A7AF-87D07E6D7ACB}.Release|x64.ActiveCfg = Release|x64
		{9B3CA86E-CD0E-4AE0-A7AF-87D07E6D7ACB}.Release|x64.Build.0 = Release|x64
		{9B3CA86E-CD0E-4AE0-A7AF-87D07E6D7ACB}.Release|x86.ActiveCfg = Release|Win32
		{9B3CA86E-CD0E-4AE0-A7AF-87D07E6D7ACB}.Release|x86.Build.0 = Release|Win32
		{AA7D675A-D6C4-459B-90C3-F5E21D6E7D0B}.Debug|x64.ActiveCfg = Debug|x64
		{AA7D675A-D6C4-459B-90C3-F5E21D6E7D0B}.Debug|x64.Build.0 = Debug|x64
		{AA7D675A-D6C4-459B-90C3-F5E21D6E7D0B}.Debug|x86.ActiveCfg = Debug|Win32
		{AA7D675A-D6C4-459B-90C3-F5E21D6E7D0B}.Debug|x86.Build.0 = Debug|Win32
		{AA7D675A-D6C4-459B-90C3-F5E21D6E7D0B}.Release|x64.ActiveCfg = Release|x64
		{AA7D675A-D6C4-459B-90C3-F5E21D6E7D0B}.Release|x64.Build.0 = Release|x64
		{AA7D675A-D6C4-459B-90C3-F5E21D6E7D0B}.Release|x86.ActiveCfg = Release|Win32
		{AA7D675A-D6C4-459B-90C3-F5E21D6E7D0B}.Release|x86.Build.0 = Release|Win32
		{1F049F70-6600-45A2-BB2F-469D3FED7438}.Debug|x64.ActiveCfg = Debug|x64
		{1F049F70-6600-45A2-BB2F-469D3FED7438}.Debug|x64.Build.0 = Debug|x64
		{1F049F70-6600-45A2-BB2F-469D3FED7438}.Debug|x86.ActiveCfg = Debug|Win32
		{1F049F70-6600-45A2-BB2F-469D3FED7438}.Debug|x86.Build.0 = Debug|Win32
		{1F049F70-6600-45A2-BB2F-469D3FED7438}.Release|x64.ActiveCfg = Release|x64
		{1F049F70-6600-45A2-BB2F-469D3FED7438}.Release|x64.Build.0 = Release|x64
		{1F049F70-6600-45A2-BB2F-469D3FED7438}.Release|x86.ActiveCfg = Release|Win32
		{1F049F70-6600-45A2-BB2F-469D3FED7438}.Release|x86.Build.0 = Release|Win32
		{748CAB50-5571-4252-AB57-38079B1EA99B}.Debug|x64.ActiveCfg = Debug|x64
		{748CAB50-5571-4252-AB57-38079B1EA99B}.Debug|x64.Build.0 = Debug|x64
		{748CAB50-5571-4252-AB57-38079B1EA99B}.Debug|x86.ActiveCfg = Debug|Win32
		{748CAB50-5571-4252-AB57-38079B1EA99B}.Debug|x86.Build.0 = Debug|Win32
		{748CAB50-5571-4252-AB57-38079B1EA99B}.Release|x64.ActiveCfg = Release|x64
		{748CAB50-5571-4252-AB57-38079B1EA99B}.Release|x64.Build.0 = Release|x64
		{748CAB50-5571-4252-AB57-38079B1EA99B}.Release|x86.ActiveCfg = Release|Win32
		{748CAB50-5571-4252-AB57-38079B1EA99B}.Release|x86.Build.0 = Release|Win32
		{33D7ADA2-A932-4342-B4E0-59B0B8492551}.Debug|x64.ActiveCfg = Debug|x64
		{33D7ADA2-A932-4342-B4E0-59B0B8492551}.Debug|x64.Build.0 = Debug|x64
		{33D7ADA2-A932-4342-B4E0-59B0B8492551}.Debug|x86.ActiveCfg = Debug|Win32
		{33D7ADA2-A932-4342-B4E0-59B0B8492551}.Debug|x86.Build.0 = Debug|Win32
		{33D7ADA2-A932-4342-B4E0-59B0B8492551}.Release|x64.ActiveCfg = Release|x64
		{33D7ADA2-A932-4342-B4E0-59B0B8492551}.Release|x64.Build.0 = Release|x64
		{33D7ADA2-A932-4342-B4E0-59B0B8492551}.Release|x86.ActiveCfg = Release|Win32
		{33D7ADA2-A932-4342-B4E0-59B0B8492551}.Release|x86.Build.0 = Release|Win32
		{E58EE9BE-1FE0-4BA0-B0A8-91C4AAF9CDB4}.Debug|x64.ActiveCfg = Debug|x64
		{E58EE9BE-1FE0-4BA0-B0A8-91C4AAF9CDB4}.Debug|x64.Build.0 = Debug|x64
		{E58EE9BE-1FE0-4BA0-B0A8-91C4AAF9CDB4}.Debug|x86.ActiveCfg = Debug|Win32
		{E58EE9BE-1FE0-4BA0-B0A8-91C4AAF9CDB4}.Debug|x86.Build.0 = Debug|Win32
		{E58EE9BE-1FE0-4BA0-B0A8-91C4AAF9CDB4}.Release|x64.ActiveCfg = Release|x64
		{E58EE9BE-1FE0-4BA0-B0A8-91C4AAF9CDB4}.Release|x64.Build.0 = Release|x64
		{E58EE9BE-1FE0-4BA0-B0A8-91C4AAF9CDB4}.Release|x86.ActiveCfg = Release|Win32
		{E58EE9BE-1FE0-4BA0-B0A8-91C4AAF9CDB4}.Release|x86.Build.0 = Release|Win32
		{359CB110-5BEF-48D2-A233-225D91019F36}.Debug|x64.ActiveCfg = Debug|x64
		{359CB110-5BEF-48D2-A233-225D91019F36}.Debug|x64.Build.0 = Debug|x64
		{359CB110-5BEF-48D2-A233-225D91019F36}.Debug|x86.ActiveCfg = Debug|Win32
		{359CB110-5BEF-48D2-A233-225D91019F36}.Debug|x86.Build.0 = Debug|Win32
		{359CB110-5BEF-48D2-A233-225D91019F36}.Release|x64.ActiveCfg = Release|x64
		{359CB110-5BEF-48D2-A233-225D91019F36}.Release|x64.Build.0 = Release|x64
		{359CB110-5BEF-48D2-A233-225D91019F36}.Release|x86.ActiveCfg = Release|Win32
		{359CB110-5BEF-48D2-A233-225D91019F36}.Release|x86.Build.0 = Release|Win32
		{76249B2F-C3C0-4936-895C-162A522C470C}.Debug|x64.ActiveCfg = Debug|x64
		{76249B2F-C3C0-4936-895C-162A522C470C}.Debug|x64.Build.0 = Debug|x64
		{76249B2F-C3C0-4936-895C-162A522C470C}.Debug|x86.ActiveCfg = Debug|Win32
		{76249B2F-C3C0-4936-895C-162A522C470C}.Debug|x86.Build.0 = Debug|Win32
		{76249B2F-C3C0-4936-895C-162A522C470C}.Release|x64.ActiveCfg = Release|x64
		{76249B2F-C3C0-4936-895C-162A522C470C}.Release|x64.Build.0 = Release|x64
		{76249B2F-C3C0-4936-895C-162A522C470C}.Release|x86.ActiveCfg = Release|Win32
		{76249B2F-C3C0-4936-895C-162A522C470C}.Release|x86.Build.0 = Release|Win32
		{73951FF1-FA61-438C-8A02-54A032675B41}.Debug|x64.ActiveCfg = Debug|x64
		{73951FF1-FA61-438C-8A02-54A032675B41}.Debug|x64.Build.0 = Debug|x64
		{73951FF1-FA61-438C-8A02-54A032675B41}.Debug|x86.ActiveCfg = Debug|Win32
		{73951FF1-FA61-438C-8A02-54A032675B41}.Debug|x86.Build.0 = Debug|Win32
		{73951FF1-FA61-438C-8A02-54A032675B41}.Release|x64.ActiveCfg = Release|x64
		{73951FF1-FA61-438C-8A02-54A032675B41}.Release|x64.Build.0 = Release|x64
		{73951FF1-FA61-438C-8A02-54A032675B41}.Release|x86.ActiveCfg = Release|Win32
		{73951FF1-FA61-438C-8A02-54A032675B41}.Release|x86.Build.0 = Release|Win32
		{D1C30297-8532-4655-A35F-FA03A4710620}.Debug|x64.ActiveCfg = Debug|x64
		{D1C30297-8532-4655-A35F-FA03A4710620}.Debug|x64.Build.0 = Debug|x64
		{D1C30297-8532-4655-A35F-FA03A4710620}.Debug|x86.ActiveCfg = Debug|Win32
		{D1C30297-8532-4655-A35F-FA03A4710620}.Debug|x86.Build.0 = Debug|Win32
		{D1C30297-8532-4655-A35F-FA03A4710620}.Release|x64.ActiveCfg = Release|x64
		{D1C30297-8532-4655-A35F-FA03A4710620}.Release|x64.Build.0 = Release|x64
		{D1C30297-8532-4655-A35F-FA03A4710620}.Release|x86.ActiveCfg = Release|Win32
		{D1C30297-8532-4655-A35F-FA03A4710620}.Release|x86.Build.0 = Release|Win32
		{7BA18DFF-9853-464F-B373-851FBB761987}.Debug|x64.ActiveCfg = Debug|x64
		{7BA18DFF-9853-464F-B373-851FBB761987}.Debug|x64.Build.0 = Debug|x64
		{7BA18DFF-9853-464F-B373-851FBB761987}.Debug|x86.ActiveCfg = Debug|Win32
		{7BA18DFF-9853-464F-B373-851FBB761987}.Debug|x86.Build.0 = Debug|Win32
		{7BA18DFF-9853-464F-B373-851FBB761987}.Release|x64.ActiveCfg = Release|x64
		{7BA18DFF-9853-464F-B373-851FBB761987}.Release|x64.Build.0 = Release|x64
		{7BA18DFF-9853-464F-B373-851FBB761987}.Release|x86.ActiveCfg = Release|Win32
		{7BA18DFF-9853-464F-B373-851FBB761987}.Release|x86.Build.0 = Release|Win32
		{4CFB506E-0C1D-4CC3-B0F6-4FFA8937B2E0}.Debug|x64.ActiveCfg = Debug|x64
		{4CFB506E-0C1D-4CC3-B0F6-4FFA8937B2E0}.Debug|x64.Build.0 = Debug|x64
		{4CFB506E-0C1D-4CC3-B0F6-4FFA8937B2E0}.Debug|x86.ActiveCfg = Debug|Win32
		{4CFB506E-0C1D-4CC3-B0F6-4FFA8937B2E0}.Debug|x86.Build.0 = Debug|Win32
		{4CFB506E-0C1D-4CC3-B0F6-4FFA8937B2E0}.Release|x64.ActiveCfg = Release|x64
		{4CFB506E-0C1D-4CC3-B0F6-4FFA8937B2E0}.Release|x64.Build.0 = Release|x64
		{4CFB506E-0C1D-4CC3-B0F6-4FFA8937B2E0}.Release|x86.ActiveCfg = Release|Win32
		{4CFB506E-0C1D-4CC3-B0F6-4FFA8937B2E0}.Release|x86.Build.0 = Release|Win32
	EndGlobalSection
	GlobalSection(SolutionProperties) = preSolution
		HideSolutionNode = FALSE
	EndGlobalSection
	GlobalSection(NestedProjects) = preSolution
		{094B7FE6-E8C9-48B6-8726-ACF079CA422F} = {3DD66E6A-08FF-4A2A-8527-1479B7682F01}
		{EBAF223D-B1A5-4F36-A7F1-D2B1701013BD} = {4A497499-D2E0-4A8E-A6CA-9EA98B2C1351}
		{3A794EEA-CBB6-4006-87B5-CFD205D48C9D} = {4A497499-D2E0-4A8E-A6CA-9EA98B2C1351}
		{906BC602-1DA3-4A50-9F62-1A5CECD2EF49} = {4A497499-D2E0-4A8E-A6CA-9EA98B2C1351}
		{597650E1-0C6C-4963-94F2-7BD8605F89A6} = {2A68F472-4B1D-42BB-A3EB-5258AA004E07}
		{709F576F-6766-4478-AC9B-175171A83F02} = {2A68F472-4B1D-42BB-A3EB-5258AA004E07}
		{B167E222-52AD-490A-BFC9-73190B7B5309} = {2A68F472-4B1D-42BB-A3EB-5258AA004E07}
		{73BB920E-33FC-42E3-A9D5-6C3E70CD8E64} = {2A68F472-4B1D-42BB-A3EB-5258AA004E07}
		{7859FFB2-CC0B-4C0D-9187-75D068BD3F6E} = {49167A2A-4B32-4210-953F-23DE759D9709}
		{46725340-511F-4DA9-8AE2-1DB7AB203D77} = {49167A2A-4B32-4210-953F-23DE759D9709}
		{4F0178E7-D56E-4D59-9C31-32F333D095DD} = {49167A2A-4B32-4210-953F-23DE759D9709}
		{BD7F8867-B4A3-4B3C-986C-E0C71AE36246} = {D65521B5-C601-41DA-BC65-7C3783C818BE}
		{DA779A2C-D594-46A4-B79E-A6502621B2EB} = {685B27C2-F362-4BF0-BF8F-4E7FE61E1DC0}
		{9B3CA86E-CD0E-4AE0-A7AF-87D07E6D7ACB} = {685B27C2-F362-4BF0-BF8F-4E7FE61E1DC0}
		{AA7D675A-D6C4-459B-90C3-F5E21D6E7D0B} = {685B27C2-F362-4BF0-BF8F-4E7FE61E1DC0}
		{1F049F70-6600-45A2-BB2F-469D3FED7438} = {685B27C2-F362-4BF0-BF8F-4E7FE61E1DC0}
		{748CAB50-5571-4252-AB57-38079B1EA99B} = {685B27C2-F362-4BF0-BF8F-4E7FE61E1DC0}
		{33D7ADA2-A932-4342-B4E0-59B0B8492551} = {5992DFED-04EC-49E6-86EF-123F9C9281D6}
		{E58EE9BE-1FE0-4BA0-B0A8-91C4AAF9CDB4} = {AAB73BEE-A6C7-4ED2-8741-C5EFB2BC8558}
		{359CB110-5BEF-48D2-A233-225D91019F36} = {AAB73BEE-A6C7-4ED2-8741-C5EFB2BC8558}
		{76249B2F-C3C0-4936-895C-162A522C470C} = {AAB73BEE-A6C7-4ED2-8741-C5EFB2BC8558}
		{73951FF1-FA61-438C-8A02-54A032675B41} = {C87C8D80-2782-4945-BF65-BE6FBBD62BA4}
		{D1C30297-8532-4655-A35F-FA03A4710620} = {C87C8D80-2782-4945-BF65-BE6FBBD62BA4}
		{7BA18DFF-9853-464F-B373-851FBB761987} = {C87C8D80-2782-4945-BF65-BE6FBBD62BA4}
		{4CFB506E-0C1D-4CC3-B0F6-4FFA8937B2E0} = {C87C8D80-2782-4945-BF65-BE6FBBD62BA4}
	EndGlobalSection
	GlobalSection(ExtensibilityGlobals) = postSolution
		SolutionGuid = {F85A5FC5-EBE9-47E1-8818-130C665B1E75}
	EndGlobalSection
EndGlobal
